// !$*UTF8*$!
{
	archiveVersion = 1;
	classes = {
	};
	objectVersion = 46;
	objects = {

/* Begin PBXBuildFile section */
		27B3AB9818EEAEDD00AFD3CA /* Foundation.framework in Frameworks */ = {isa = PBXBuildFile; fileRef = 27B3AB9718EEAEDD00AFD3CA /* Foundation.framework */; };
		27B3AB9A18EEAEDD00AFD3CA /* CoreGraphics.framework in Frameworks */ = {isa = PBXBuildFile; fileRef = 27B3AB9918EEAEDD00AFD3CA /* CoreGraphics.framework */; };
		27B3AB9C18EEAEDD00AFD3CA /* UIKit.framework in Frameworks */ = {isa = PBXBuildFile; fileRef = 27B3AB9B18EEAEDD00AFD3CA /* UIKit.framework */; };
		27B3ABA218EEAEDD00AFD3CA /* InfoPlist.strings in Resources */ = {isa = PBXBuildFile; fileRef = 27B3ABA018EEAEDD00AFD3CA /* InfoPlist.strings */; };
		27B3ABA418EEAEDD00AFD3CA /* main.m in Sources */ = {isa = PBXBuildFile; fileRef = 27B3ABA318EEAEDD00AFD3CA /* main.m */; };
		27B3ABA818EEAEDD00AFD3CA /* AppDelegate.m in Sources */ = {isa = PBXBuildFile; fileRef = 27B3ABA718EEAEDD00AFD3CA /* AppDelegate.m */; };
		27B3ABAA18EEAEDD00AFD3CA /* Images.xcassets in Resources */ = {isa = PBXBuildFile; fileRef = 27B3ABA918EEAEDD00AFD3CA /* Images.xcassets */; };
		27B3ABB118EEAEDD00AFD3CA /* XCTest.framework in Frameworks */ = {isa = PBXBuildFile; fileRef = 27B3ABB018EEAEDD00AFD3CA /* XCTest.framework */; };
		27B3ABB218EEAEDD00AFD3CA /* Foundation.framework in Frameworks */ = {isa = PBXBuildFile; fileRef = 27B3AB9718EEAEDD00AFD3CA /* Foundation.framework */; };
		27B3ABB318EEAEDD00AFD3CA /* UIKit.framework in Frameworks */ = {isa = PBXBuildFile; fileRef = 27B3AB9B18EEAEDD00AFD3CA /* UIKit.framework */; };
		27B3ABBB18EEAEDD00AFD3CA /* InfoPlist.strings in Resources */ = {isa = PBXBuildFile; fileRef = 27B3ABB918EEAEDD00AFD3CA /* InfoPlist.strings */; };
		27B3ABBD18EEAEDD00AFD3CA /* cokkoTests.m in Sources */ = {isa = PBXBuildFile; fileRef = 27B3ABBC18EEAEDD00AFD3CA /* cokkoTests.m */; };
		27E5435D190935CE00A252D8 /* MainViewController.m in Sources */ = {isa = PBXBuildFile; fileRef = 27E5435B190935CE00A252D8 /* MainViewController.m */; };
		27E54361190935D600A252D8 /* HamburgerModel.m in Sources */ = {isa = PBXBuildFile; fileRef = 27E54360190935D600A252D8 /* HamburgerModel.m */; };
		27E54364190935DE00A252D8 /* RESTApi.m in Sources */ = {isa = PBXBuildFile; fileRef = 27E54363190935DE00A252D8 /* RESTApi.m */; };
		27E543661909360800A252D8 /* MainStoryboard.storyboard in Resources */ = {isa = PBXBuildFile; fileRef = 27E543651909360800A252D8 /* MainStoryboard.storyboard */; };
		27E54369190938D500A252D8 /* CSSCell.m in Sources */ = {isa = PBXBuildFile; fileRef = 27E54368190938D500A252D8 /* CSSCell.m */; };
		27E5436D19095BAA00A252D8 /* CSSHeaderView.xib in Resources */ = {isa = PBXBuildFile; fileRef = 27E5436C19095BAA00A252D8 /* CSSHeaderView.xib */; };
		27E54370190A743000A252D8 /* MediaPlayer.framework in Frameworks */ = {isa = PBXBuildFile; fileRef = 27E5436F190A743000A252D8 /* MediaPlayer.framework */; };
		27E54373190A7D6600A252D8 /* Reachability.m in Sources */ = {isa = PBXBuildFile; fileRef = 27E54372190A7D6600A252D8 /* Reachability.m */; };
		27E54375190A7D8C00A252D8 /* SystemConfiguration.framework in Frameworks */ = {isa = PBXBuildFile; fileRef = 27E54374190A7D8C00A252D8 /* SystemConfiguration.framework */; };
		27E54378190A834D00A252D8 /* UIImage+RoundImageWithBorder.m in Sources */ = {isa = PBXBuildFile; fileRef = 27E54377190A834D00A252D8 /* UIImage+RoundImageWithBorder.m */; };
		FEB8DC0D13664607AC9BB530 /* libPods.a in Frameworks */ = {isa = PBXBuildFile; fileRef = 5918DACB0D9348AC8FCE6DCE /* libPods.a */; };
/* End PBXBuildFile section */

/* Begin PBXContainerItemProxy section */
		27B3ABB418EEAEDD00AFD3CA /* PBXContainerItemProxy */ = {
			isa = PBXContainerItemProxy;
			containerPortal = 27B3AB8C18EEAEDD00AFD3CA /* Project object */;
			proxyType = 1;
			remoteGlobalIDString = 27B3AB9318EEAEDD00AFD3CA;
			remoteInfo = cokko;
		};
/* End PBXContainerItemProxy section */

/* Begin PBXFileReference section */
		1690828A761D423FAD51DC88 /* Pods.xcconfig */ = {isa = PBXFileReference; includeInIndex = 1; lastKnownFileType = text.xcconfig; name = Pods.xcconfig; path = Pods/Pods.xcconfig; sourceTree = "<group>"; };
		27B3AB9418EEAEDD00AFD3CA /* cokko.app */ = {isa = PBXFileReference; explicitFileType = wrapper.application; includeInIndex = 0; path = cokko.app; sourceTree = BUILT_PRODUCTS_DIR; };
		27B3AB9718EEAEDD00AFD3CA /* Foundation.framework */ = {isa = PBXFileReference; lastKnownFileType = wrapper.framework; name = Foundation.framework; path = System/Library/Frameworks/Foundation.framework; sourceTree = SDKROOT; };
		27B3AB9918EEAEDD00AFD3CA /* CoreGraphics.framework */ = {isa = PBXFileReference; lastKnownFileType = wrapper.framework; name = CoreGraphics.framework; path = System/Library/Frameworks/CoreGraphics.framework; sourceTree = SDKROOT; };
		27B3AB9B18EEAEDD00AFD3CA /* UIKit.framework */ = {isa = PBXFileReference; lastKnownFileType = wrapper.framework; name = UIKit.framework; path = System/Library/Frameworks/UIKit.framework; sourceTree = SDKROOT; };
		27B3AB9F18EEAEDD00AFD3CA /* cokko-Info.plist */ = {isa = PBXFileReference; lastKnownFileType = text.plist.xml; path = "cokko-Info.plist"; sourceTree = "<group>"; };
		27B3ABA118EEAEDD00AFD3CA /* en */ = {isa = PBXFileReference; lastKnownFileType = text.plist.strings; name = en; path = en.lproj/InfoPlist.strings; sourceTree = "<group>"; };
		27B3ABA318EEAEDD00AFD3CA /* main.m */ = {isa = PBXFileReference; lastKnownFileType = sourcecode.c.objc; path = main.m; sourceTree = "<group>"; };
		27B3ABA518EEAEDD00AFD3CA /* cokko-Prefix.pch */ = {isa = PBXFileReference; lastKnownFileType = sourcecode.c.h; path = "cokko-Prefix.pch"; sourceTree = "<group>"; };
		27B3ABA618EEAEDD00AFD3CA /* AppDelegate.h */ = {isa = PBXFileReference; lastKnownFileType = sourcecode.c.h; path = AppDelegate.h; sourceTree = "<group>"; };
		27B3ABA718EEAEDD00AFD3CA /* AppDelegate.m */ = {isa = PBXFileReference; lastKnownFileType = sourcecode.c.objc; path = AppDelegate.m; sourceTree = "<group>"; };
		27B3ABA918EEAEDD00AFD3CA /* Images.xcassets */ = {isa = PBXFileReference; lastKnownFileType = folder.assetcatalog; path = Images.xcassets; sourceTree = "<group>"; };
		27B3ABAF18EEAEDD00AFD3CA /* cokkoTests.xctest */ = {isa = PBXFileReference; explicitFileType = wrapper.cfbundle; includeInIndex = 0; path = cokkoTests.xctest; sourceTree = BUILT_PRODUCTS_DIR; };
		27B3ABB018EEAEDD00AFD3CA /* XCTest.framework */ = {isa = PBXFileReference; lastKnownFileType = wrapper.framework; name = XCTest.framework; path = Library/Frameworks/XCTest.framework; sourceTree = DEVELOPER_DIR; };
		27B3ABB818EEAEDD00AFD3CA /* cokkoTests-Info.plist */ = {isa = PBXFileReference; lastKnownFileType = text.plist.xml; path = "cokkoTests-Info.plist"; sourceTree = "<group>"; };
		27B3ABBA18EEAEDD00AFD3CA /* en */ = {isa = PBXFileReference; lastKnownFileType = text.plist.strings; name = en; path = en.lproj/InfoPlist.strings; sourceTree = "<group>"; };
		27B3ABBC18EEAEDD00AFD3CA /* cokkoTests.m */ = {isa = PBXFileReference; lastKnownFileType = sourcecode.c.objc; path = cokkoTests.m; sourceTree = "<group>"; };
		27E5435A190935CE00A252D8 /* MainViewController.h */ = {isa = PBXFileReference; fileEncoding = 4; lastKnownFileType = sourcecode.c.h; path = MainViewController.h; sourceTree = "<group>"; };
		27E5435B190935CE00A252D8 /* MainViewController.m */ = {isa = PBXFileReference; fileEncoding = 4; lastKnownFileType = sourcecode.c.objc; path = MainViewController.m; sourceTree = "<group>"; };
		27E5435F190935D600A252D8 /* HamburgerModel.h */ = {isa = PBXFileReference; fileEncoding = 4; lastKnownFileType = sourcecode.c.h; path = HamburgerModel.h; sourceTree = "<group>"; };
		27E54360190935D600A252D8 /* HamburgerModel.m */ = {isa = PBXFileReference; fileEncoding = 4; lastKnownFileType = sourcecode.c.objc; path = HamburgerModel.m; sourceTree = "<group>"; };
		27E54362190935DE00A252D8 /* RESTApi.h */ = {isa = PBXFileReference; fileEncoding = 4; lastKnownFileType = sourcecode.c.h; path = RESTApi.h; sourceTree = "<group>"; };
		27E54363190935DE00A252D8 /* RESTApi.m */ = {isa = PBXFileReference; fileEncoding = 4; lastKnownFileType = sourcecode.c.objc; path = RESTApi.m; sourceTree = "<group>"; };
		27E543651909360800A252D8 /* MainStoryboard.storyboard */ = {isa = PBXFileReference; fileEncoding = 4; lastKnownFileType = file.storyboard; path = MainStoryboard.storyboard; sourceTree = "<group>"; };
		27E54367190938D500A252D8 /* CSSCell.h */ = {isa = PBXFileReference; fileEncoding = 4; lastKnownFileType = sourcecode.c.h; path = CSSCell.h; sourceTree = "<group>"; };
		27E54368190938D500A252D8 /* CSSCell.m */ = {isa = PBXFileReference; fileEncoding = 4; lastKnownFileType = sourcecode.c.objc; path = CSSCell.m; sourceTree = "<group>"; };
		27E5436C19095BAA00A252D8 /* CSSHeaderView.xib */ = {isa = PBXFileReference; fileEncoding = 4; lastKnownFileType = file.xib; path = CSSHeaderView.xib; sourceTree = "<group>"; };
		27E5436F190A743000A252D8 /* MediaPlayer.framework */ = {isa = PBXFileReference; lastKnownFileType = wrapper.framework; name = MediaPlayer.framework; path = System/Library/Frameworks/MediaPlayer.framework; sourceTree = SDKROOT; };
		27E54371190A7D6600A252D8 /* Reachability.h */ = {isa = PBXFileReference; fileEncoding = 4; lastKnownFileType = sourcecode.c.h; path = Reachability.h; sourceTree = "<group>"; };
		27E54372190A7D6600A252D8 /* Reachability.m */ = {isa = PBXFileReference; fileEncoding = 4; lastKnownFileType = sourcecode.c.objc; path = Reachability.m; sourceTree = "<group>"; };
		27E54374190A7D8C00A252D8 /* SystemConfiguration.framework */ = {isa = PBXFileReference; lastKnownFileType = wrapper.framework; name = SystemConfiguration.framework; path = System/Library/Frameworks/SystemConfiguration.framework; sourceTree = SDKROOT; };
		27E54376190A834D00A252D8 /* UIImage+RoundImageWithBorder.h */ = {isa = PBXFileReference; fileEncoding = 4; lastKnownFileType = sourcecode.c.h; path = "UIImage+RoundImageWithBorder.h"; sourceTree = "<group>"; };
		27E54377190A834D00A252D8 /* UIImage+RoundImageWithBorder.m */ = {isa = PBXFileReference; fileEncoding = 4; lastKnownFileType = sourcecode.c.objc; path = "UIImage+RoundImageWithBorder.m"; sourceTree = "<group>"; };
		5918DACB0D9348AC8FCE6DCE /* libPods.a */ = {isa = PBXFileReference; explicitFileType = archive.ar; includeInIndex = 0; path = libPods.a; sourceTree = BUILT_PRODUCTS_DIR; };
/* End PBXFileReference section */

/* Begin PBXFrameworksBuildPhase section */
		27B3AB9118EEAEDD00AFD3CA /* Frameworks */ = {
			isa = PBXFrameworksBuildPhase;
			buildActionMask = 2147483647;
			files = (
				27E54375190A7D8C00A252D8 /* SystemConfiguration.framework in Frameworks */,
				27E54370190A743000A252D8 /* MediaPlayer.framework in Frameworks */,
				27B3AB9A18EEAEDD00AFD3CA /* CoreGraphics.framework in Frameworks */,
				27B3AB9C18EEAEDD00AFD3CA /* UIKit.framework in Frameworks */,
				27B3AB9818EEAEDD00AFD3CA /* Foundation.framework in Frameworks */,
				FEB8DC0D13664607AC9BB530 /* libPods.a in Frameworks */,
			);
			runOnlyForDeploymentPostprocessing = 0;
		};
		27B3ABAC18EEAEDD00AFD3CA /* Frameworks */ = {
			isa = PBXFrameworksBuildPhase;
			buildActionMask = 2147483647;
			files = (
				27B3ABB118EEAEDD00AFD3CA /* XCTest.framework in Frameworks */,
				27B3ABB318EEAEDD00AFD3CA /* UIKit.framework in Frameworks */,
				27B3ABB218EEAEDD00AFD3CA /* Foundation.framework in Frameworks */,
			);
			runOnlyForDeploymentPostprocessing = 0;
		};
/* End PBXFrameworksBuildPhase section */

/* Begin PBXGroup section */
		27B3AB8B18EEAEDD00AFD3CA = {
			isa = PBXGroup;
			children = (
				27B3AB9D18EEAEDD00AFD3CA /* cokko */,
				27B3ABB618EEAEDD00AFD3CA /* cokkoTests */,
				27B3AB9618EEAEDD00AFD3CA /* Frameworks */,
				27B3AB9518EEAEDD00AFD3CA /* Products */,
				1690828A761D423FAD51DC88 /* Pods.xcconfig */,
			);
			sourceTree = "<group>";
		};
		27B3AB9518EEAEDD00AFD3CA /* Products */ = {
			isa = PBXGroup;
			children = (
				27B3AB9418EEAEDD00AFD3CA /* cokko.app */,
				27B3ABAF18EEAEDD00AFD3CA /* cokkoTests.xctest */,
			);
			name = Products;
			sourceTree = "<group>";
		};
		27B3AB9618EEAEDD00AFD3CA /* Frameworks */ = {
			isa = PBXGroup;
			children = (
				27E54374190A7D8C00A252D8 /* SystemConfiguration.framework */,
				27E5436F190A743000A252D8 /* MediaPlayer.framework */,
				27B3AB9718EEAEDD00AFD3CA /* Foundation.framework */,
				27B3AB9918EEAEDD00AFD3CA /* CoreGraphics.framework */,
				27B3AB9B18EEAEDD00AFD3CA /* UIKit.framework */,
				27B3ABB018EEAEDD00AFD3CA /* XCTest.framework */,
				5918DACB0D9348AC8FCE6DCE /* libPods.a */,
			);
			name = Frameworks;
			sourceTree = "<group>";
		};
		27B3AB9D18EEAEDD00AFD3CA /* cokko */ = {
			isa = PBXGroup;
			children = (
				27E543591909355000A252D8 /* App */,
				27E543581909354A00A252D8 /* Models */,
				27E543571909354100A252D8 /* Lib */,
				27B3ABA618EEAEDD00AFD3CA /* AppDelegate.h */,
				27B3ABA718EEAEDD00AFD3CA /* AppDelegate.m */,
				27B3ABA918EEAEDD00AFD3CA /* Images.xcassets */,
				27B3AB9E18EEAEDD00AFD3CA /* Supporting Files */,
			);
			path = cokko;
			sourceTree = "<group>";
		};
		27B3AB9E18EEAEDD00AFD3CA /* Supporting Files */ = {
			isa = PBXGroup;
			children = (
				27B3AB9F18EEAEDD00AFD3CA /* cokko-Info.plist */,
				27B3ABA018EEAEDD00AFD3CA /* InfoPlist.strings */,
				27B3ABA318EEAEDD00AFD3CA /* main.m */,
				27B3ABA518EEAEDD00AFD3CA /* cokko-Prefix.pch */,
			);
			name = "Supporting Files";
			sourceTree = "<group>";
		};
		27B3ABB618EEAEDD00AFD3CA /* cokkoTests */ = {
			isa = PBXGroup;
			children = (
				27B3ABBC18EEAEDD00AFD3CA /* cokkoTests.m */,
				27B3ABB718EEAEDD00AFD3CA /* Supporting Files */,
			);
			path = cokkoTests;
			sourceTree = "<group>";
		};
		27B3ABB718EEAEDD00AFD3CA /* Supporting Files */ = {
			isa = PBXGroup;
			children = (
				27B3ABB818EEAEDD00AFD3CA /* cokkoTests-Info.plist */,
				27B3ABB918EEAEDD00AFD3CA /* InfoPlist.strings */,
			);
			name = "Supporting Files";
			sourceTree = "<group>";
		};
		27E543571909354100A252D8 /* Lib */ = {
			isa = PBXGroup;
			children = (
				27E54376190A834D00A252D8 /* UIImage+RoundImageWithBorder.h */,
				27E54377190A834D00A252D8 /* UIImage+RoundImageWithBorder.m */,
				27E54371190A7D6600A252D8 /* Reachability.h */,
				27E54372190A7D6600A252D8 /* Reachability.m */,
				27E54362190935DE00A252D8 /* RESTApi.h */,
				27E54363190935DE00A252D8 /* RESTApi.m */,
			);
			path = Lib;
			sourceTree = "<group>";
		};
		27E543581909354A00A252D8 /* Models */ = {
			isa = PBXGroup;
			children = (
				27E5435F190935D600A252D8 /* HamburgerModel.h */,
				27E54360190935D600A252D8 /* HamburgerModel.m */,
			);
			path = Models;
			sourceTree = "<group>";
		};
		27E543591909355000A252D8 /* App */ = {
			isa = PBXGroup;
			children = (
				27E5436E19095EB400A252D8 /* App init */,
				27E543651909360800A252D8 /* MainStoryboard.storyboard */,
			);
			path = App;
			sourceTree = "<group>";
		};
		27E5436E19095EB400A252D8 /* App init */ = {
			isa = PBXGroup;
			children = (
				27E54367190938D500A252D8 /* CSSCell.h */,
				27E54368190938D500A252D8 /* CSSCell.m */,
				27E5436C19095BAA00A252D8 /* CSSHeaderView.xib */,
				27E5435A190935CE00A252D8 /* MainViewController.h */,
				27E5435B190935CE00A252D8 /* MainViewController.m */,
			);
			name = "App init";
			sourceTree = "<group>";
		};
/* End PBXGroup section */

/* Begin PBXNativeTarget section */
		27B3AB9318EEAEDD00AFD3CA /* cokko */ = {
			isa = PBXNativeTarget;
			buildConfigurationList = 27B3ABC018EEAEDD00AFD3CA /* Build configuration list for PBXNativeTarget "cokko" */;
			buildPhases = (
				59F177978D564D12BEEC7302 /* Check Pods Manifest.lock */,
				27B3AB9018EEAEDD00AFD3CA /* Sources */,
				27B3AB9118EEAEDD00AFD3CA /* Frameworks */,
				27B3AB9218EEAEDD00AFD3CA /* Resources */,
				A344F2A71AE644559D25101D /* Copy Pods Resources */,
			);
			buildRules = (
			);
			dependencies = (
			);
			name = cokko;
			productName = cokko;
			productReference = 27B3AB9418EEAEDD00AFD3CA /* cokko.app */;
			productType = "com.apple.product-type.application";
		};
		27B3ABAE18EEAEDD00AFD3CA /* cokkoTests */ = {
			isa = PBXNativeTarget;
			buildConfigurationList = 27B3ABC318EEAEDD00AFD3CA /* Build configuration list for PBXNativeTarget "cokkoTests" */;
			buildPhases = (
				27B3ABAB18EEAEDD00AFD3CA /* Sources */,
				27B3ABAC18EEAEDD00AFD3CA /* Frameworks */,
				27B3ABAD18EEAEDD00AFD3CA /* Resources */,
			);
			buildRules = (
			);
			dependencies = (
				27B3ABB518EEAEDD00AFD3CA /* PBXTargetDependency */,
			);
			name = cokkoTests;
			productName = cokkoTests;
			productReference = 27B3ABAF18EEAEDD00AFD3CA /* cokkoTests.xctest */;
			productType = "com.apple.product-type.bundle.unit-test";
		};
/* End PBXNativeTarget section */

/* Begin PBXProject section */
		27B3AB8C18EEAEDD00AFD3CA /* Project object */ = {
			isa = PBXProject;
			attributes = {
				LastUpgradeCheck = 0510;
				ORGANIZATIONNAME = "Marcus Norling";
				TargetAttributes = {
					27B3ABAE18EEAEDD00AFD3CA = {
						TestTargetID = 27B3AB9318EEAEDD00AFD3CA;
					};
				};
			};
			buildConfigurationList = 27B3AB8F18EEAEDD00AFD3CA /* Build configuration list for PBXProject "cokko" */;
			compatibilityVersion = "Xcode 3.2";
			developmentRegion = English;
			hasScannedForEncodings = 0;
			knownRegions = (
				en,
			);
			mainGroup = 27B3AB8B18EEAEDD00AFD3CA;
			productRefGroup = 27B3AB9518EEAEDD00AFD3CA /* Products */;
			projectDirPath = "";
			projectRoot = "";
			targets = (
				27B3AB9318EEAEDD00AFD3CA /* cokko */,
				27B3ABAE18EEAEDD00AFD3CA /* cokkoTests */,
			);
		};
/* End PBXProject section */

/* Begin PBXResourcesBuildPhase section */
		27B3AB9218EEAEDD00AFD3CA /* Resources */ = {
			isa = PBXResourcesBuildPhase;
			buildActionMask = 2147483647;
			files = (
				27B3ABA218EEAEDD00AFD3CA /* InfoPlist.strings in Resources */,
				27E543661909360800A252D8 /* MainStoryboard.storyboard in Resources */,
				27B3ABAA18EEAEDD00AFD3CA /* Images.xcassets in Resources */,
				27E5436D19095BAA00A252D8 /* CSSHeaderView.xib in Resources */,
			);
			runOnlyForDeploymentPostprocessing = 0;
		};
		27B3ABAD18EEAEDD00AFD3CA /* Resources */ = {
			isa = PBXResourcesBuildPhase;
			buildActionMask = 2147483647;
			files = (
				27B3ABBB18EEAEDD00AFD3CA /* InfoPlist.strings in Resources */,
			);
			runOnlyForDeploymentPostprocessing = 0;
		};
/* End PBXResourcesBuildPhase section */

/* Begin PBXShellScriptBuildPhase section */
		59F177978D564D12BEEC7302 /* Check Pods Manifest.lock */ = {
			isa = PBXShellScriptBuildPhase;
			buildActionMask = 2147483647;
			files = (
			);
			inputPaths = (
			);
			name = "Check Pods Manifest.lock";
			outputPaths = (
			);
			runOnlyForDeploymentPostprocessing = 0;
			shellPath = /bin/sh;
			shellScript = "diff \"${PODS_ROOT}/../Podfile.lock\" \"${PODS_ROOT}/Manifest.lock\" > /dev/null\nif [[ $? != 0 ]] ; then\n    cat << EOM\nerror: The sandbox is not in sync with the Podfile.lock. Run 'pod install' or update your CocoaPods installation.\nEOM\n    exit 1\nfi\n";
			showEnvVarsInLog = 0;
		};
		A344F2A71AE644559D25101D /* Copy Pods Resources */ = {
			isa = PBXShellScriptBuildPhase;
			buildActionMask = 2147483647;
			files = (
			);
			inputPaths = (
			);
			name = "Copy Pods Resources";
			outputPaths = (
			);
			runOnlyForDeploymentPostprocessing = 0;
			shellPath = /bin/sh;
			shellScript = "\"${SRCROOT}/Pods/Pods-resources.sh\"\n";
			showEnvVarsInLog = 0;
		};
/* End PBXShellScriptBuildPhase section */

/* Begin PBXSourcesBuildPhase section */
		27B3AB9018EEAEDD00AFD3CA /* Sources */ = {
			isa = PBXSourcesBuildPhase;
			buildActionMask = 2147483647;
			files = (
				27E54364190935DE00A252D8 /* RESTApi.m in Sources */,
				27B3ABA818EEAEDD00AFD3CA /* AppDelegate.m in Sources */,
				27E54378190A834D00A252D8 /* UIImage+RoundImageWithBorder.m in Sources */,
				27E54361190935D600A252D8 /* HamburgerModel.m in Sources */,
				27E54373190A7D6600A252D8 /* Reachability.m in Sources */,
				27E5435D190935CE00A252D8 /* MainViewController.m in Sources */,
				27B3ABA418EEAEDD00AFD3CA /* main.m in Sources */,
				27E54369190938D500A252D8 /* CSSCell.m in Sources */,
			);
			runOnlyForDeploymentPostprocessing = 0;
		};
		27B3ABAB18EEAEDD00AFD3CA /* Sources */ = {
			isa = PBXSourcesBuildPhase;
			buildActionMask = 2147483647;
			files = (
				27B3ABBD18EEAEDD00AFD3CA /* cokkoTests.m in Sources */,
			);
			runOnlyForDeploymentPostprocessing = 0;
		};
/* End PBXSourcesBuildPhase section */

/* Begin PBXTargetDependency section */
		27B3ABB518EEAEDD00AFD3CA /* PBXTargetDependency */ = {
			isa = PBXTargetDependency;
			target = 27B3AB9318EEAEDD00AFD3CA /* cokko */;
			targetProxy = 27B3ABB418EEAEDD00AFD3CA /* PBXContainerItemProxy */;
		};
/* End PBXTargetDependency section */

/* Begin PBXVariantGroup section */
		27B3ABA018EEAEDD00AFD3CA /* InfoPlist.strings */ = {
			isa = PBXVariantGroup;
			children = (
				27B3ABA118EEAEDD00AFD3CA /* en */,
			);
			name = InfoPlist.strings;
			sourceTree = "<group>";
		};
		27B3ABB918EEAEDD00AFD3CA /* InfoPlist.strings */ = {
			isa = PBXVariantGroup;
			children = (
				27B3ABBA18EEAEDD00AFD3CA /* en */,
			);
			name = InfoPlist.strings;
			sourceTree = "<group>";
		};
/* End PBXVariantGroup section */

/* Begin XCBuildConfiguration section */
		27B3ABBE18EEAEDD00AFD3CA /* Debug */ = {
			isa = XCBuildConfiguration;
			buildSettings = {
				ALWAYS_SEARCH_USER_PATHS = NO;
				CLANG_CXX_LANGUAGE_STANDARD = "gnu++0x";
				CLANG_CXX_LIBRARY = "libc++";
				CLANG_ENABLE_MODULES = YES;
				CLANG_ENABLE_OBJC_ARC = YES;
				CLANG_WARN_BOOL_CONVERSION = YES;
				CLANG_WARN_CONSTANT_CONVERSION = YES;
				CLANG_WARN_DIRECT_OBJC_ISA_USAGE = YES_ERROR;
				CLANG_WARN_EMPTY_BODY = YES;
				CLANG_WARN_ENUM_CONVERSION = YES;
				CLANG_WARN_INT_CONVERSION = YES;
				CLANG_WARN_OBJC_ROOT_CLASS = YES_ERROR;
				CLANG_WARN__DUPLICATE_METHOD_MATCH = YES;
				"CODE_SIGN_IDENTITY[sdk=iphoneos*]" = "iPhone Developer";
				COPY_PHASE_STRIP = NO;
				GCC_C_LANGUAGE_STANDARD = gnu99;
				GCC_DYNAMIC_NO_PIC = NO;
				GCC_OPTIMIZATION_LEVEL = 0;
				GCC_PREPROCESSOR_DEFINITIONS = (
					"DEBUG=1",
					"$(inherited)",
				);
				GCC_SYMBOLS_PRIVATE_EXTERN = NO;
				GCC_WARN_64_TO_32_BIT_CONVERSION = YES;
				GCC_WARN_ABOUT_RETURN_TYPE = YES_ERROR;
				GCC_WARN_UNDECLARED_SELECTOR = YES;
				GCC_WARN_UNINITIALIZED_AUTOS = YES_AGGRESSIVE;
				GCC_WARN_UNUSED_FUNCTION = YES;
				GCC_WARN_UNUSED_VARIABLE = YES;
				IPHONEOS_DEPLOYMENT_TARGET = 7.1;
				ONLY_ACTIVE_ARCH = YES;
				SDKROOT = iphoneos;
			};
			name = Debug;
		};
		27B3ABBF18EEAEDD00AFD3CA /* Release */ = {
			isa = XCBuildConfiguration;
			buildSettings = {
				ALWAYS_SEARCH_USER_PATHS = NO;
				CLANG_CXX_LANGUAGE_STANDARD = "gnu++0x";
				CLANG_CXX_LIBRARY = "libc++";
				CLANG_ENABLE_MODULES = YES;
				CLANG_ENABLE_OBJC_ARC = YES;
				CLANG_WARN_BOOL_CONVERSION = YES;
				CLANG_WARN_CONSTANT_CONVERSION = YES;
				CLANG_WARN_DIRECT_OBJC_ISA_USAGE = YES_ERROR;
				CLANG_WARN_EMPTY_BODY = YES;
				CLANG_WARN_ENUM_CONVERSION = YES;
				CLANG_WARN_INT_CONVERSION = YES;
				CLANG_WARN_OBJC_ROOT_CLASS = YES_ERROR;
				CLANG_WARN__DUPLICATE_METHOD_MATCH = YES;
				"CODE_SIGN_IDENTITY[sdk=iphoneos*]" = "iPhone Developer";
				COPY_PHASE_STRIP = YES;
				ENABLE_NS_ASSERTIONS = NO;
				GCC_C_LANGUAGE_STANDARD = gnu99;
				GCC_WARN_64_TO_32_BIT_CONVERSION = YES;
				GCC_WARN_ABOUT_RETURN_TYPE = YES_ERROR;
				GCC_WARN_UNDECLARED_SELECTOR = YES;
				GCC_WARN_UNINITIALIZED_AUTOS = YES_AGGRESSIVE;
				GCC_WARN_UNUSED_FUNCTION = YES;
				GCC_WARN_UNUSED_VARIABLE = YES;
				IPHONEOS_DEPLOYMENT_TARGET = 7.1;
				SDKROOT = iphoneos;
				VALIDATE_PRODUCT = YES;
			};
			name = Release;
		};
		27B3ABC118EEAEDD00AFD3CA /* Debug */ = {
			isa = XCBuildConfiguration;
			baseConfigurationReference = 1690828A761D423FAD51DC88 /* Pods.xcconfig */;
			buildSettings = {
				ASSETCATALOG_COMPILER_APPICON_NAME = AppIcon;
				ASSETCATALOG_COMPILER_LAUNCHIMAGE_NAME = LaunchImage;
				GCC_PRECOMPILE_PREFIX_HEADER = YES;
				GCC_PREFIX_HEADER = "cokko/cokko-Prefix.pch";
				INFOPLIST_FILE = "cokko/cokko-Info.plist";
				PRODUCT_NAME = "$(TARGET_NAME)";
				WRAPPER_EXTENSION = app;
			};
			name = Debug;
		};
		27B3ABC218EEAEDD00AFD3CA /* Release */ = {
			isa = XCBuildConfiguration;
			baseConfigurationReference = 1690828A761D423FAD51DC88 /* Pods.xcconfig */;
			buildSettings = {
				ASSETCATALOG_COMPILER_APPICON_NAME = AppIcon;
				ASSETCATALOG_COMPILER_LAUNCHIMAGE_NAME = LaunchImage;
				GCC_PRECOMPILE_PREFIX_HEADER = YES;
				GCC_PREFIX_HEADER = "cokko/cokko-Prefix.pch";
				INFOPLIST_FILE = "cokko/cokko-Info.plist";
				PRODUCT_NAME = "$(TARGET_NAME)";
				WRAPPER_EXTENSION = app;
			};
			name = Release;
		};
		27B3ABC418EEAEDD00AFD3CA /* Debug */ = {
			isa = XCBuildConfiguration;
			buildSettings = {
				BUNDLE_LOADER = "$(BUILT_PRODUCTS_DIR)/cokko.app/cokko";
				FRAMEWORK_SEARCH_PATHS = (
					"$(SDKROOT)/Developer/Library/Frameworks",
					"$(inherited)",
					"$(DEVELOPER_FRAMEWORKS_DIR)",
				);
				GCC_PRECOMPILE_PREFIX_HEADER = YES;
				GCC_PREFIX_HEADER = "cokko/cokko-Prefix.pch";
				GCC_PREPROCESSOR_DEFINITIONS = (
					"DEBUG=1",
					"$(inherited)",
				);
				INFOPLIST_FILE = "cokkoTests/cokkoTests-Info.plist";
				PRODUCT_NAME = "$(TARGET_NAME)";
				TEST_HOST = "$(BUNDLE_LOADER)";
				WRAPPER_EXTENSION = xctest;
			};
			name = Debug;
		};
		27B3ABC518EEAEDD00AFD3CA /* Release */ = {
			isa = XCBuildConfiguration;
			buildSettings = {
				BUNDLE_LOADER = "$(BUILT_PRODUCTS_DIR)/cokko.app/cokko";
				FRAMEWORK_SEARCH_PATHS = (
					"$(SDKROOT)/Developer/Library/Frameworks",
					"$(inherited)",
					"$(DEVELOPER_FRAMEWORKS_DIR)",
				);
				GCC_PRECOMPILE_PREFIX_HEADER = YES;
				GCC_PREFIX_HEADER = "cokko/cokko-Prefix.pch";
				INFOPLIST_FILE = "cokkoTests/cokkoTests-Info.plist";
				PRODUCT_NAME = "$(TARGET_NAME)";
				TEST_HOST = "$(BUNDLE_LOADER)";
				WRAPPER_EXTENSION = xctest;
			};
			name = Release;
		};
/* End XCBuildConfiguration section */

/* Begin XCConfigurationList section */
		27B3AB8F18EEAEDD00AFD3CA /* Build configuration list for PBXProject "cokko" */ = {
			isa = XCConfigurationList;
			buildConfigurations = (
				27B3ABBE18EEAEDD00AFD3CA /* Debug */,
				27B3ABBF18EEAEDD00AFD3CA /* Release */,
			);
			defaultConfigurationIsVisible = 0;
			defaultConfigurationName = Release;
		};
		27B3ABC018EEAEDD00AFD3CA /* Build configuration list for PBXNativeTarget "cokko" */ = {
			isa = XCConfigurationList;
			buildConfigurations = (
				27B3ABC118EEAEDD00AFD3CA /* Debug */,
				27B3ABC218EEAEDD00AFD3CA /* Release */,
			);
			defaultConfigurationIsVisible = 0;
			defaultConfigurationName = Release;
		};
		27B3ABC318EEAEDD00AFD3CA /* Build configuration list for PBXNativeTarget "cokkoTests" */ = {
			isa = XCConfigurationList;
			buildConfigurations = (
				27B3ABC418EEAEDD00AFD3CA /* Debug */,
				27B3ABC518EEAEDD00AFD3CA /* Release */,
			);
			defaultConfigurationIsVisible = 0;
			defaultConfigurationName = Release;
		};
/* End XCConfigurationList section */
	};
	rootObject = 27B3AB8C18EEAEDD00AFD3CA /* Project object */;
}
